
Microsoft Visual Studio Solution File, Format Version 12.00
# Visual Studio 14
VisualStudioVersion = 14.0.25420.1
MinimumVisualStudioVersion = 10.0.40219.1
Project("{FAE04EC0-301F-11D3-BF4B-00C04F79EFBC}") = "Lab2", "Lab2\Lab2.csproj", "{622B160D-888E-4698-BBA2-2C04523A2327}"
EndProject
Project("{FAE04EC0-301F-11D3-BF4B-00C04F79EFBC}") = "Lab2-Task2", "Lab2-Task2\Lab2-Task2.csproj", "{3C26B046-CD55-49F1-86DD-EE9D762FF192}"
EndProject
Project("{FAE04EC0-301F-11D3-BF4B-00C04F79EFBC}") = "Lab2-Task3(Priority)", "Lab2-Task3(Priority)\Lab2-Task3(Priority).csproj", "{60260EF2-580C-473A-AEC5-EE1AFC2A936D}"
EndProject
Project("{FAE04EC0-301F-11D3-BF4B-00C04F79EFBC}") = "Lab2-Task4(Indvd)", "Lab2-Task4(Indvd)\Lab2-Task4(Indvd).csproj", "{BB2BF849-5E50-4329-AB1B-4869BF33EF08}"
EndProject
Global
	GlobalSection(SolutionConfigurationPlatforms) = preSolution
		Debug|Any CPU = Debug|Any CPU
		Release|Any CPU = Release|Any CPU
	EndGlobalSection
	GlobalSection(ProjectConfigurationPlatforms) = postSolution
		{622B160D-888E-4698-BBA2-2C04523A2327}.Debug|Any CPU.ActiveCfg = Debug|Any CPU
		{622B160D-888E-4698-BBA2-2C04523A2327}.Debug|Any CPU.Build.0 = Debug|Any CPU
		{622B160D-888E-4698-BBA2-2C04523A2327}.Release|Any CPU.ActiveCfg = Release|Any CPU
		{622B160D-888E-4698-BBA2-2C04523A2327}.Release|Any CPU.Build.0 = Release|Any CPU
		{3C26B046-CD55-49F1-86DD-EE9D762FF192}.Debug|Any CPU.ActiveCfg = Debug|Any CPU
		{3C26B046-CD55-49F1-86DD-EE9D762FF192}.Debug|Any CPU.Build.0 = Debug|Any CPU
		{3C26B046-CD55-49F1-86DD-EE9D762FF192}.Release|Any CPU.ActiveCfg = Release|Any CPU
		{3C26B046-CD55-49F1-86DD-EE9D762FF192}.Release|Any CPU.Build.0 = Release|Any CPU
		{60260EF2-580C-473A-AEC5-EE1AFC2A936D}.Debug|Any CPU.ActiveCfg = Debug|Any CPU
		{60260EF2-580C-473A-AEC5-EE1AFC2A936D}.Debug|Any CPU.Build.0 = Debug|Any CPU
		{60260EF2-580C-473A-AEC5-EE1AFC2A936D}.Release|Any CPU.ActiveCfg = Release|Any CPU
		{60260EF2-580C-473A-AEC5-EE1AFC2A936D}.Release|Any CPU.Build.0 = Release|Any CPU
		{BB2BF849-5E50-4329-AB1B-4869BF33EF08}.Debug|Any CPU.ActiveCfg = Debug|Any CPU
		{BB2BF849-5E50-4329-AB1B-4869BF33EF08}.Debug|Any CPU.Build.0 = Debug|Any CPU
		{BB2BF849-5E50-4329-AB1B-4869BF33EF08}.Release|Any CPU.ActiveCfg = Release|Any CPU
		{BB2BF849-5E50-4329-AB1B-4869BF33EF08}.Release|Any CPU.Build.0 = Release|Any CPU
	EndGlobalSection
	GlobalSection(SolutionProperties) = preSolution
		HideSolutionNode = FALSE
	EndGlobalSection
EndGlobal
